// !$*UTF8*$!
{
	archiveVersion = 1;
	classes = {
	};
	objectVersion = 50;
	objects = {

/* Begin PBXBuildFile section */
		913C935A24A7238E0091BF3F /* AppDelegate.swift in Sources */ = {isa = PBXBuildFile; fileRef = 913C935924A7238E0091BF3F /* AppDelegate.swift */; };
		913C935C24A7238E0091BF3F /* SceneDelegate.swift in Sources */ = {isa = PBXBuildFile; fileRef = 913C935B24A7238E0091BF3F /* SceneDelegate.swift */; };
		913C935E24A7238E0091BF3F /* ContentView.swift in Sources */ = {isa = PBXBuildFile; fileRef = 913C935D24A7238E0091BF3F /* ContentView.swift */; };
		913C936024A723910091BF3F /* Assets.xcassets in Resources */ = {isa = PBXBuildFile; fileRef = 913C935F24A723910091BF3F /* Assets.xcassets */; };
		913C936324A723910091BF3F /* Preview Assets.xcassets in Resources */ = {isa = PBXBuildFile; fileRef = 913C936224A723910091BF3F /* Preview Assets.xcassets */; };
		913C936624A723910091BF3F /* LaunchScreen.storyboard in Resources */ = {isa = PBXBuildFile; fileRef = 913C936424A723910091BF3F /* LaunchScreen.storyboard */; };
/* End PBXBuildFile section */

/* Begin PBXFileReference section */
		913C935624A7238E0091BF3F /* 17th-Day-SwiftUI.app */ = {isa = PBXFileReference; explicitFileType = wrapper.application; includeInIndex = 0; path = "17th-Day-SwiftUI.app"; sourceTree = BUILT_PRODUCTS_DIR; };
		913C935924A7238E0091BF3F /* AppDelegate.swift */ = {isa = PBXFileReference; lastKnownFileType = sourcecode.swift; path = AppDelegate.swift; sourceTree = "<group>"; };
		913C935B24A7238E0091BF3F /* SceneDelegate.swift */ = {isa = PBXFileReference; lastKnownFileType = sourcecode.swift; path = SceneDelegate.swift; sourceTree = "<group>"; };
		913C935D24A7238E0091BF3F /* ContentView.swift */ = {isa = PBXFileReference; lastKnownFileType = sourcecode.swift; path = ContentView.swift; sourceTree = "<group>"; };
		913C935F24A723910091BF3F /* Assets.xcassets */ = {isa = PBXFileReference; lastKnownFileType = folder.assetcatalog; path = Assets.xcassets; sourceTree = "<group>"; };
		913C936224A723910091BF3F /* Preview Assets.xcassets */ = {isa = PBXFileReference; lastKnownFileType = folder.assetcatalog; path = "Preview Assets.xcassets"; sourceTree = "<group>"; };
		913C936524A723910091BF3F /* Base */ = {isa = PBXFileReference; lastKnownFileType = file.storyboard; name = Base; path = Base.lproj/LaunchScreen.storyboard; sourceTree = "<group>"; };
		913C936724A723910091BF3F /* Info.plist */ = {isa = PBXFileReference; lastKnownFileType = text.plist.xml; path = Info.plist; sourceTree = "<group>"; };
/* End PBXFileReference section */

/* Begin PBXFrameworksBuildPhase section */
		913C935324A7238E0091BF3F /* Frameworks */ = {
			isa = PBXFrameworksBuildPhase;
			buildActionMask = 2147483647;
			files = (
			);
			runOnlyForDeploymentPostprocessing = 0;
		};
/* End PBXFrameworksBuildPhase section */

/* Begin PBXGroup section */
		913C934D24A7238E0091BF3F = {
			isa = PBXGroup;
			children = (
				913C935824A7238E0091BF3F /* 17th-Day-SwiftUI */,
				913C935724A7238E0091BF3F /* Products */,
			);
			sourceTree = "<group>";
		};
		913C935724A7238E0091BF3F /* Products */ = {
			isa = PBXGroup;
			children = (
				913C935624A7238E0091BF3F /* 17th-Day-SwiftUI.app */,
			);
			name = Products;
			sourceTree = "<group>";
		};
		913C935824A7238E0091BF3F /* 17th-Day-SwiftUI */ = {
			isa = PBXGroup;
			children = (
				913C935924A7238E0091BF3F /* AppDelegate.swift */,
				913C935B24A7238E0091BF3F /* SceneDelegate.swift */,
				913C935D24A7238E0091BF3F /* ContentView.swift */,
				913C935F24A723910091BF3F /* Assets.xcassets */,
				913C936424A723910091BF3F /* LaunchScreen.storyboard */,
				913C936724A723910091BF3F /* Info.plist */,
				913C936124A723910091BF3F /* Preview Content */,
			);
			path = "17th-Day-SwiftUI";
			sourceTree = "<group>";
		};
		913C936124A723910091BF3F /* Preview Content */ = {
			isa = PBXGroup;
			children = (
				913C936224A723910091BF3F /* Preview Assets.xcassets */,
			);
			path = "Preview Content";
			sourceTree = "<group>";
		};
/* End PBXGroup section */

/* Begin PBXNativeTarget section */
		913C935524A7238E0091BF3F /* 17th-Day-SwiftUI */ = {
			isa = PBXNativeTarget;
			buildConfigurationList = 913C936A24A723910091BF3F /* Build configuration list for PBXNativeTarget "17th-Day-SwiftUI" */;
			buildPhases = (
				913C935224A7238E0091BF3F /* Sources */,
				913C935324A7238E0091BF3F /* Frameworks */,
				913C935424A7238E0091BF3F /* Resources */,
			);
			buildRules = (
			);
			dependencies = (
			);
			name = "17th-Day-SwiftUI";
			productName = "17th-Day-SwiftUI";
			productReference = 913C935624A7238E0091BF3F /* 17th-Day-SwiftUI.app */;
			productType = "com.apple.product-type.application";
		};
/* End PBXNativeTarget section */

/* Begin PBXProject section */
		913C934E24A7238E0091BF3F /* Project object */ = {
			isa = PBXProject;
			attributes = {
				LastSwiftUpdateCheck = 1130;
				LastUpgradeCheck = 1130;
				ORGANIZATIONNAME = "Jhon Khan";
				TargetAttributes = {
					913C935524A7238E0091BF3F = {
						CreatedOnToolsVersion = 11.3.1;
					};
				};
			};
			buildConfigurationList = 913C935124A7238E0091BF3F /* Build configuration list for PBXProject "17th-Day-SwiftUI" */;
			compatibilityVersion = "Xcode 9.3";
			developmentRegion = en;
			hasScannedForEncodings = 0;
			knownRegions = (
				en,
				Base,
			);
			mainGroup = 913C934D24A7238E0091BF3F;
			productRefGroup = 913C935724A7238E0091BF3F /* Products */;
			projectDirPath = "";
			projectRoot = "";
			targets = (
				913C935524A7238E0091BF3F /* 17th-Day-SwiftUI */,
			);
		};
/* End PBXProject section */

/* Begin PBXResourcesBuildPhase section */
		913C935424A7238E0091BF3F /* Resources */ = {
			isa = PBXResourcesBuildPhase;
			buildActionMask = 2147483647;
			files = (
				913C936624A723910091BF3F /* LaunchScreen.storyboard in Resources */,
				913C936324A723910091BF3F /* Preview Assets.xcassets in Resources */,
				913C936024A723910091BF3F /* Assets.xcassets in Resources */,
			);
			runOnlyForDeploymentPostprocessing = 0;
		};
/* End PBXResourcesBuildPhase section */

/* Begin PBXSourcesBuildPhase section */
		913C935224A7238E0091BF3F /* Sources */ = {
			isa = PBXSourcesBuildPhase;
			buildActionMask = 2147483647;
			files = (
				913C935A24A7238E0091BF3F /* AppDelegate.swift in Sources */,
				913C935C24A7238E0091BF3F /* SceneDelegate.swift in Sources */,
				913C935E24A7238E0091BF3F /* ContentView.swift in Sources */,
			);
			runOnlyForDeploymentPostprocessing = 0;
		};
/* End PBXSourcesBuildPhase section */

/* Begin PBXVariantGroup section */
		913C936424A723910091BF3F /* LaunchScreen.storyboard */ = {
			isa = PBXVariantGroup;
			children = (
				913C936524A723910091BF3F /* Base */,
			);
			name = LaunchScreen.storyboard;
			sourceTree = "<group>";
		};
/* End PBXVariantGroup section */

/* Begin XCBuildConfiguration section */
		913C936824A723910091BF3F /* Debug */ = {
			isa = XCBuildConfiguration;
			buildSettings = {
				ALWAYS_SEARCH_USER_PATHS = NO;
				CLANG_ANALYZER_NONNULL = YES;
				CLANG_ANALYZER_NUMBER_OBJECT_CONVERSION = YES_AGGRESSIVE;
				CLANG_CXX_LANGUAGE_STANDARD = "gnu++14";
				CLANG_CXX_LIBRARY = "libc++";
				CLANG_ENABLE_MODULES = YES;
				CLANG_ENABLE_OBJC_ARC = YES;
				CLANG_ENABLE_OBJC_WEAK = YES;
				CLANG_WARN_BLOCK_CAPTURE_AUTORELEASING = YES;
				CLANG_WARN_BOOL_CONVERSION = YES;
				CLANG_WARN_COMMA = YES;
				CLANG_WARN_CONSTANT_CONVERSION = YES;
				CLANG_WARN_DEPRECATED_OBJC_IMPLEMENTATIONS = YES;
				CLANG_WARN_DIRECT_OBJC_ISA_USAGE = YES_ERROR;
				CLANG_WARN_DOCUMENTATION_COMMENTS = YES;
				CLANG_WARN_EMPTY_BODY = YES;
				CLANG_WARN_ENUM_CONVERSION = YES;
				CLANG_WARN_INFINITE_RECURSION = YES;
				CLANG_WARN_INT_CONVERSION = YES;
				CLANG_WARN_NON_LITERAL_NULL_CONVERSION = YES;
				CLANG_WARN_OBJC_IMPLICIT_RETAIN_SELF = YES;
				CLANG_WARN_OBJC_LITERAL_CONVERSION = YES;
				CLANG_WARN_OBJC_ROOT_CLASS = YES_ERROR;
				CLANG_WARN_RANGE_LOOP_ANALYSIS = YES;
				CLANG_WARN_STRICT_PROTOTYPES = YES;
				CLANG_WARN_SUSPICIOUS_MOVE = YES;
				CLANG_WARN_UNGUARDED_AVAILABILITY = YES_AGGRESSIVE;
				CLANG_WARN_UNREACHABLE_CODE = YES;
				CLANG_WARN__DUPLICATE_METHOD_MATCH = YES;
				COPY_PHASE_STRIP = NO;
				DEBUG_INFORMATION_FORMAT = dwarf;
				ENABLE_STRICT_OBJC_MSGSEND = YES;
				ENABLE_TESTABILITY = YES;
				GCC_C_LANGUAGE_STANDARD = gnu11;
				GCC_DYNAMIC_NO_PIC = NO;
				GCC_NO_COMMON_BLOCKS = YES;
				GCC_OPTIMIZATION_LEVEL = 0;
				GCC_PREPROCESSOR_DEFINITIONS = (
					"DEBUG=1",
					"$(inherited)",
				);
				GCC_WARN_64_TO_32_BIT_CONVERSION = YES;
				GCC_WARN_ABOUT_RETURN_TYPE = YES_ERROR;
				GCC_WARN_UNDECLARED_SELECTOR = YES;
				GCC_WARN_UNINITIALIZED_AUTOS = YES_AGGRESSIVE;
				GCC_WARN_UNUSED_FUNCTION = YES;
				GCC_WARN_UNUSED_VARIABLE = YES;
				IPHONEOS_DEPLOYMENT_TARGET = 13.2;
				MTL_ENABLE_DEBUG_INFO = INCLUDE_SOURCE;
				MTL_FAST_MATH = YES;
				ONLY_ACTIVE_ARCH = YES;
				SDKROOT = iphoneos;
				SWIFT_ACTIVE_COMPILATION_CONDITIONS = DEBUG;
				SWIFT_OPTIMIZATION_LEVEL = "-Onone";
			};
			name = Debug;
		};
		913C936924A723910091BF3F /* Release */ = {
			isa = XCBuildConfiguration;
			buildSettings = {
				ALWAYS_SEARCH_USER_PATHS = NO;
				CLANG_ANALYZER_NONNULL = YES;
				CLANG_ANALYZER_NUMBER_OBJECT_CONVERSION = YES_AGGRESSIVE;
				CLANG_CXX_LANGUAGE_STANDARD = "gnu++14";
				CLANG_CXX_LIBRARY = "libc++";
				CLANG_ENABLE_MODULES = YES;
				CLANG_ENABLE_OBJC_ARC = YES;
				CLANG_ENABLE_OBJC_WEAK = YES;
				CLANG_WARN_BLOCK_CAPTURE_AUTORELEASING = YES;
				CLANG_WARN_BOOL_CONVERSION = YES;
				CLANG_WARN_COMMA = YES;
				CLANG_WARN_CONSTANT_CONVERSION = YES;
				CLANG_WARN_DEPRECATED_OBJC_IMPLEMENTATIONS = YES;
				CLANG_WARN_DIRECT_OBJC_ISA_USAGE = YES_ERROR;
				CLANG_WARN_DOCUMENTATION_COMMENTS = YES;
				CLANG_WARN_EMPTY_BODY = YES;
				CLANG_WARN_ENUM_CONVERSION = YES;
				CLANG_WARN_INFINITE_RECURSION = YES;
				CLANG_WARN_INT_CONVERSION = YES;
				CLANG_WARN_NON_LITERAL_NULL_CONVERSION = YES;
				CLANG_WARN_OBJC_IMPLICIT_RETAIN_SELF = YES;
				CLANG_WARN_OBJC_LITERAL_CONVERSION = YES;
				CLANG_WARN_OBJC_ROOT_CLASS = YES_ERROR;
				CLANG_WARN_RANGE_LOOP_ANALYSIS = YES;
				CLANG_WARN_STRICT_PROTOTYPES = YES;
				CLANG_WARN_SUSPICIOUS_MOVE = YES;
				CLANG_WARN_UNGUARDED_AVAILABILITY = YES_AGGRESSIVE;
				CLANG_WARN_UNREACHABLE_CODE = YES;
				CLANG_WARN__DUPLICATE_METHOD_MATCH = YES;
				COPY_PHASE_STRIP = NO;
				DEBUG_INFORMATION_FORMAT = "dwarf-with-dsym";
				ENABLE_NS_ASSERTIONS = NO;
				ENABLE_STRICT_OBJC_MSGSEND = YES;
				GCC_C_LANGUAGE_STANDARD = gnu11;
				GCC_NO_COMMON_BLOCKS = YES;
				GCC_WARN_64_TO_32_BIT_CONVERSION = YES;
				GCC_WARN_ABOUT_RETURN_TYPE = YES_ERROR;
				GCC_WARN_UNDECLARED_SELECTOR = YES;
				GCC_WARN_UNINITIALIZED_AUTOS = YES_AGGRESSIVE;
				GCC_WARN_UNUSED_FUNCTION = YES;
				GCC_WARN_UNUSED_VARIABLE = YES;
				IPHONEOS_DEPLOYMENT_TARGET = 13.2;
				MTL_ENABLE_DEBUG_INFO = NO;
				MTL_FAST_MATH = YES;
				SDKROOT = iphoneos;
				SWIFT_COMPILATION_MODE = wholemodule;
				SWIFT_OPTIMIZATION_LEVEL = "-O";
				VALIDATE_PRODUCT = YES;
			};
			name = Release;
		};
		913C936B24A723910091BF3F /* Debug */ = {
			isa = XCBuildConfiguration;
			buildSettings = {
				ASSETCATALOG_COMPILER_APPICON_NAME = AppIcon;
				CODE_SIGN_STYLE = Automatic;
				DEVELOPMENT_ASSET_PATHS = "\"17th-Day-SwiftUI/Preview Content\"";
				DEVELOPMENT_TEAM = STV734VKPU;
				ENABLE_PREVIEWS = YES;
				INFOPLIST_FILE = "17th-Day-SwiftUI/Info.plist";
				LD_RUNPATH_SEARCH_PATHS = (
					"$(inherited)",
					"@executable_path/Frameworks",
				);
				PRODUCT_BUNDLE_IDENTIFIER = "JunaidKhan.-7th-Day-SwiftUI";
				PRODUCT_NAME = "$(TARGET_NAME)";
				SWIFT_VERSION = 5.0;
				TARGETED_DEVICE_FAMILY = "1,2";
			};
			name = Debug;
		};
		913C936C24A723910091BF3F /* Release */ = {
			isa = XCBuildConfiguration;
			buildSettings = {
				ASSETCATALOG_COMPILER_APPICON_NAME = AppIcon;
				CODE_SIGN_STYLE = Automatic;
				DEVELOPMENT_ASSET_PATHS = "\"17th-Day-SwiftUI/Preview Content\"";
				DEVELOPMENT_TEAM = STV734VKPU;
				ENABLE_PREVIEWS = YES;
				INFOPLIST_FILE = "17th-Day-SwiftUI/Info.plist";
				LD_RUNPATH_SEARCH_PATHS = (
					"$(inherited)",
					"@executable_path/Frameworks",
				);
				PRODUCT_BUNDLE_IDENTIFIER = "JunaidKhan.-7th-Day-SwiftUI";
				PRODUCT_NAME = "$(TARGET_NAME)";
				SWIFT_VERSION = 5.0;
				TARGETED_DEVICE_FAMILY = "1,2";
			};
			name = Release;
		};
/* End XCBuildConfiguration section */

/* Begin XCConfigurationList section */
		913C935124A7238E0091BF3F /* Build configuration list for PBXProject "17th-Day-SwiftUI" */ = {
			isa = XCConfigurationList;
			buildConfigurations = (
				913C936824A723910091BF3F /* Debug */,
				913C936924A723910091BF3F /* Release */,
			);
			defaultConfigurationIsVisible = 0;
			defaultConfigurationName = Release;
		};
		913C936A24A723910091BF3F /* Build configuration list for PBXNativeTarget "17th-Day-SwiftUI" */ = {
			isa = XCConfigurationList;
			buildConfigurations = (
				913C936B24A723910091BF3F /* Debug */,
				913C936C24A723910091BF3F /* Release */,
			);
			defaultConfigurationIsVisible = 0;
			defaultConfigurationName = Release;
		};
/* End XCConfigurationList section */
	};
	rootObject = 913C934E24A7238E0091BF3F /* Project object */;
}
